{
  "lockfile_version": "1",
  "packages": {
    "julia-bin@latest": {
      "last_modified": "2024-09-10T15:01:03Z",
      "resolved": "github:NixOS/nixpkgs/5ed627539ac84809c78b2dd6d26a5cebeb5ae269#julia-bin",
      "source": "devbox-search",
      "version": "1.10.4",
      "systems": {
        "aarch64-darwin": {
          "outputs": [
            {
              "name": "out",
              "path": "/nix/store/myispwsvb1cgnjnz18aj5zln0zh24rja-julia-bin-1.10.4",
              "default": true
            }
          ],
          "store_path": "/nix/store/myispwsvb1cgnjnz18aj5zln0zh24rja-julia-bin-1.10.4"
        },
        "aarch64-linux": {
          "outputs": [
            {
              "name": "out",
              "path": "/nix/store/xv85i39hyw2kngfc9igkwg9f0hjbgbp7-julia-bin-1.10.4",
              "default": true
            }
          ],
          "store_path": "/nix/store/xv85i39hyw2kngfc9igkwg9f0hjbgbp7-julia-bin-1.10.4"
        },
        "x86_64-darwin": {
          "outputs": [
            {
              "name": "out",
              "path": "/nix/store/n0lzg1dkdvgrvwabv7a8pm7jmlb2yg0f-julia-bin-1.10.4",
              "default": true
            }
          ],
          "store_path": "/nix/store/n0lzg1dkdvgrvwabv7a8pm7jmlb2yg0f-julia-bin-1.10.4"
        },
        "x86_64-linux": {
          "outputs": [
            {
              "name": "out",
              "path": "/nix/store/06qnp46ihg0vzsbg1hiqcs58pjyph135-julia-bin-1.10.4",
              "default": true
            }
          ],
          "store_path": "/nix/store/06qnp46ihg0vzsbg1hiqcs58pjyph135-julia-bin-1.10.4"
        }
      }
    }
  }
}
